
Microsoft Visual Studio Solution File, Format Version 12.00
# Visual Studio Version 17
VisualStudioVersion = 17.14.36915.13 d17.14
MinimumVisualStudioVersion = 10.0.40219.1
Project("{FAE04EC0-301F-11D3-BF4B-00C04F79EFBC}") = "AssignmentLINQ02", "AssignmentLINQ02\AssignmentLINQ02.csproj", "{FACCAF6A-CA97-41DF-A4DF-A40D00154950}"
EndProject
Global
	GlobalSection(SolutionConfigurationPlatforms) = preSolution
		Debug|Any CPU = Debug|Any CPU
		Release|Any CPU = Release|Any CPU
	EndGlobalSection
	GlobalSection(ProjectConfigurationPlatforms) = postSolution
		{FACCAF6A-CA97-41DF-A4DF-A40D00154950}.Debug|Any CPU.ActiveCfg = Debug|Any CPU
		{FACCAF6A-CA97-41DF-A4DF-A40D00154950}.Debug|Any CPU.Build.0 = Debug|Any CPU
		{FACCAF6A-CA97-41DF-A4DF-A40D00154950}.Release|Any CPU.ActiveCfg = Release|Any CPU
		{FACCAF6A-CA97-41DF-A4DF-A40D00154950}.Release|Any CPU.Build.0 = Release|Any CPU
	EndGlobalSection
	GlobalSection(SolutionProperties) = preSolution
		HideSolutionNode = FALSE
	EndGlobalSection
	GlobalSection(ExtensibilityGlobals) = postSolution
		SolutionGuid = {D91993AF-42E8-4E7E-B2FA-FFA5909FA0C9}
	EndGlobalSection
EndGlobal
